
Microsoft Visual Studio Solution File, Format Version 12.00
# Visual Studio 15
VisualStudioVersion = 15.0.27004.2005
MinimumVisualStudioVersion = 10.0.40219.1
Project("{888888A0-9F3D-457C-B088-3A5042F75D52}") = "Origin_for_R3LESE", "Origin_for_R3LESE\Origin_for_R3LESE.pyproj", "{4B65C673-2FE5-4F44-B625-D3C7EB7A88EE}"
EndProject
Global
	GlobalSection(SolutionConfigurationPlatforms) = preSolution
		Debug|Any CPU = Debug|Any CPU
		Release|Any CPU = Release|Any CPU
	EndGlobalSection
	GlobalSection(ProjectConfigurationPlatforms) = postSolution
		{4B65C673-2FE5-4F44-B625-D3C7EB7A88EE}.Debug|Any CPU.ActiveCfg = Debug|Any CPU
		{4B65C673-2FE5-4F44-B625-D3C7EB7A88EE}.Release|Any CPU.ActiveCfg = Release|Any CPU
	EndGlobalSection
	GlobalSection(SolutionProperties) = preSolution
		HideSolutionNode = FALSE
	EndGlobalSection
	GlobalSection(ExtensibilityGlobals) = postSolution
		SolutionGuid = {CAF4A007-5250-4761-AC1C-CEF552CAFC02}
	EndGlobalSection
EndGlobal
